<?xml version="1.0" encoding="UTF-8" standalone="yes" ?>
<CodeBlocks_project_file>
	<FileVersion major="1" minor="6" />
	<Project>
		<Option title="bf ide" />
		<Option pch_mode="2" />
		<Option compiler="gcc" />
		<Build>
			<Target title="Debug">
				<Option output="bin/Debug/bf ide" prefix_auto="1" extension_auto="1" />
				<Option object_output="obj/Debug/" />
				<Option type="0" />
				<Option compiler="gcc" />
				<Option projectLinkerOptionsRelation="2" />
				<Compiler>
					<Add option="-g" />
				</Compiler>
			</Target>
			<Target title="Release">
				<Option output="bin/Release/bf ide" prefix_auto="1" extension_auto="1" />
				<Option object_output="obj/Release/" />
				<Option type="0" />
				<Option compiler="gcc" />
				<Option projectLinkerOptionsRelation="2" />
				<Compiler>
					<Add option="-O2" />
				</Compiler>
			</Target>
		</Build>
		<Compiler>
			<Add option="-Wall" />
			<Add option="`wx-config --cflags`" />
		</Compiler>
		<Linker>
			<Add option="`wx-config --libs std,stc`" />
		</Linker>
		<Unit filename="BFTerm.cpp" />
		<Unit filename="BFTerm.h" />
		<Unit filename="IDEFrame.cpp" />
		<Unit filename="IDEFrame.h" />
		<Unit filename="bf_ideApp.cpp" />
		<Unit filename="bf_ideApp.h" />
		<Unit filename="bf_interpreter_thread.cpp" />
		<Unit filename="bf_interpreter_thread.h" />
		<Unit filename="bf_table.cpp" />
		<Unit filename="bf_table.h" />
		<Unit filename="bf_tableBase.cpp" />
		<Unit filename="bf_tableBase.h" />
		<Unit filename="bf_vm.h" />
		<Unit filename="breakpoint_lister.h" />
		<Unit filename="terminalWx/GTerm/actions.cpp" />
		<Unit filename="terminalWx/GTerm/gterm.cpp" />
		<Unit filename="terminalWx/GTerm/gterm.hpp" />
		<Unit filename="terminalWx/GTerm/keytrans.cpp" />
		<Unit filename="terminalWx/GTerm/states.cpp" />
		<Unit filename="terminalWx/GTerm/utils.cpp" />
		<Unit filename="terminalWx/GTerm/vt52_states.cpp" />
		<Unit filename="terminalWx/taTelnet/wxterm.cpp" />
		<Unit filename="terminalWx/taTelnet/wxterm.h" />
		<Unit filename="terminalWx/terminalinputevent.cpp" />
		<Unit filename="terminalWx/terminalinputevent.h" />
		<Unit filename="terminalWx/terminalwx.cpp" />
		<Unit filename="terminalWx/terminalwx.h" />
		<Unit filename="wxsmith/IDEFrame.wxs" />
		<Extensions>
			<envvars />
			<code_completion />
			<wxsmith version="1">
				<gui name="wxWidgets" src="bf_ideApp.cpp" main="IDEFrame" init_handlers="necessary" language="CPP" />
				<resources>
					<wxFrame wxs="wxsmith/IDEFrame.wxs" src="IDEFrame.cpp" hdr="IDEFrame.h" name="IDEFrame" language="CPP" />
				</resources>
			</wxsmith>
			<debugger />
			<lib_finder disable_auto="1">
				<lib name="wx" />
			</lib_finder>
		</Extensions>
	</Project>
</CodeBlocks_project_file>
